
Microsoft Visual Studio Solution File, Format Version 12.00
# Visual Studio Version 16
VisualStudioVersion = 16.0.29613.14
MinimumVisualStudioVersion = 10.0.40219.1
Project("{FAE04EC0-301F-11D3-BF4B-00C04F79EFBC}") = "TrustPilotRabbitHole", "TrustPilotRabbitHole\TrustPilotRabbitHole.csproj", "{222FCB1A-5A7C-4D45-8DAB-89859F342853}"
EndProject
Project("{FAE04EC0-301F-11D3-BF4B-00C04F79EFBC}") = "TrustPilotRabbitHoleTest", "TrustPilotRabbitHoleTest\TrustPilotRabbitHoleTest.csproj", "{FE5DA6A5-904B-4309-8936-06BC44F9B1FC}"
EndProject
Global
	GlobalSection(SolutionConfigurationPlatforms) = preSolution
		Debug|Any CPU = Debug|Any CPU
		Release|Any CPU = Release|Any CPU
	EndGlobalSection
	GlobalSection(ProjectConfigurationPlatforms) = postSolution
		{222FCB1A-5A7C-4D45-8DAB-89859F342853}.Debug|Any CPU.ActiveCfg = Debug|Any CPU
		{222FCB1A-5A7C-4D45-8DAB-89859F342853}.Debug|Any CPU.Build.0 = Debug|Any CPU
		{222FCB1A-5A7C-4D45-8DAB-89859F342853}.Release|Any CPU.ActiveCfg = Release|Any CPU
		{222FCB1A-5A7C-4D45-8DAB-89859F342853}.Release|Any CPU.Build.0 = Release|Any CPU
		{FE5DA6A5-904B-4309-8936-06BC44F9B1FC}.Debug|Any CPU.ActiveCfg = Debug|Any CPU
		{FE5DA6A5-904B-4309-8936-06BC44F9B1FC}.Debug|Any CPU.Build.0 = Debug|Any CPU
		{FE5DA6A5-904B-4309-8936-06BC44F9B1FC}.Release|Any CPU.ActiveCfg = Release|Any CPU
		{FE5DA6A5-904B-4309-8936-06BC44F9B1FC}.Release|Any CPU.Build.0 = Release|Any CPU
	EndGlobalSection
	GlobalSection(SolutionProperties) = preSolution
		HideSolutionNode = FALSE
	EndGlobalSection
	GlobalSection(ExtensibilityGlobals) = postSolution
		SolutionGuid = {5B46055A-019C-4C9F-A58D-ED05055E49C1}
	EndGlobalSection
EndGlobal
